
Microsoft Visual Studio Solution File, Format Version 12.00
# Visual Studio Version 17
VisualStudioVersion = 17.5.33627.172
MinimumVisualStudioVersion = 10.0.40219.1
Project("{FAE04EC0-301F-11D3-BF4B-00C04F79EFBC}") = "Emp.API", "Emp.API\Emp.API.csproj", "{6231F14F-0273-491D-9FF4-26761D27475A}"
EndProject
Global
	GlobalSection(SolutionConfigurationPlatforms) = preSolution
		Debug|Any CPU = Debug|Any CPU
		Release|Any CPU = Release|Any CPU
	EndGlobalSection
	GlobalSection(ProjectConfigurationPlatforms) = postSolution
		{6231F14F-0273-491D-9FF4-26761D27475A}.Debug|Any CPU.ActiveCfg = Debug|Any CPU
		{6231F14F-0273-491D-9FF4-26761D27475A}.Debug|Any CPU.Build.0 = Debug|Any CPU
		{6231F14F-0273-491D-9FF4-26761D27475A}.Release|Any CPU.ActiveCfg = Release|Any CPU
		{6231F14F-0273-491D-9FF4-26761D27475A}.Release|Any CPU.Build.0 = Release|Any CPU
	EndGlobalSection
	GlobalSection(SolutionProperties) = preSolution
		HideSolutionNode = FALSE
	EndGlobalSection
	GlobalSection(ExtensibilityGlobals) = postSolution
		SolutionGuid = {C41B5F35-B342-4363-B38D-1EB231593D42}
	EndGlobalSection
EndGlobal
